
Microsoft Visual Studio Solution File, Format Version 12.00
# Visual Studio Version 16
VisualStudioVersion = 16.0.31624.102
MinimumVisualStudioVersion = 10.0.40219.1
Project("{FAE04EC0-301F-11D3-BF4B-00C04F79EFBC}") = "BookStoreBackend", "BookStoreBackend.csproj", "{E1A1C78B-5DAE-468D-B453-E1B70A76490D}"
EndProject
Global
	GlobalSection(SolutionConfigurationPlatforms) = preSolution
		Debug|Any CPU = Debug|Any CPU
		Release|Any CPU = Release|Any CPU
	EndGlobalSection
	GlobalSection(ProjectConfigurationPlatforms) = postSolution
		{E1A1C78B-5DAE-468D-B453-E1B70A76490D}.Debug|Any CPU.ActiveCfg = Debug|Any CPU
		{E1A1C78B-5DAE-468D-B453-E1B70A76490D}.Debug|Any CPU.Build.0 = Debug|Any CPU
		{E1A1C78B-5DAE-468D-B453-E1B70A76490D}.Release|Any CPU.ActiveCfg = Release|Any CPU
		{E1A1C78B-5DAE-468D-B453-E1B70A76490D}.Release|Any CPU.Build.0 = Release|Any CPU
	EndGlobalSection
	GlobalSection(SolutionProperties) = preSolution
		HideSolutionNode = FALSE
	EndGlobalSection
	GlobalSection(ExtensibilityGlobals) = postSolution
		SolutionGuid = {B1EBD632-0FA2-4C81-A1F6-ACEFC903D803}
	EndGlobalSection
EndGlobal
